
Microsoft Visual Studio Solution File, Format Version 12.00
# Visual Studio Version 17
VisualStudioVersion = 17.7.34031.279
MinimumVisualStudioVersion = 10.0.40219.1
Project("{FAE04EC0-301F-11D3-BF4B-00C04F79EFBC}") = "EnumExample", "EnumExample.csproj", "{F3163225-2CC7-44BF-A3C9-9A02B42C90B9}"
EndProject
Global
	GlobalSection(SolutionConfigurationPlatforms) = preSolution
		Debug|Any CPU = Debug|Any CPU
		Release|Any CPU = Release|Any CPU
	EndGlobalSection
	GlobalSection(ProjectConfigurationPlatforms) = postSolution
		{F3163225-2CC7-44BF-A3C9-9A02B42C90B9}.Debug|Any CPU.ActiveCfg = Debug|Any CPU
		{F3163225-2CC7-44BF-A3C9-9A02B42C90B9}.Debug|Any CPU.Build.0 = Debug|Any CPU
		{F3163225-2CC7-44BF-A3C9-9A02B42C90B9}.Release|Any CPU.ActiveCfg = Release|Any CPU
		{F3163225-2CC7-44BF-A3C9-9A02B42C90B9}.Release|Any CPU.Build.0 = Release|Any CPU
	EndGlobalSection
	GlobalSection(SolutionProperties) = preSolution
		HideSolutionNode = FALSE
	EndGlobalSection
	GlobalSection(ExtensibilityGlobals) = postSolution
		SolutionGuid = {5F908424-25C8-47E3-A499-E06AF85DF0E6}
	EndGlobalSection
EndGlobal
